# THIS IS AN AUTOGENERATED FILE. DO NOT EDIT THIS FILE DIRECTLY.
# yarn lockfile v1


accept@2.x.x:
  version "2.1.4"
  resolved "http://registry.npm.taobao.org/accept/download/accept-2.1.4.tgz#887af54ceee5c7f4430461971ec400c61d09acbb"
  dependencies:
    boom "5.x.x"
    hoek "4.x.x"

ammo@2.x.x:
  version "2.0.4"
  resolved "http://registry.npm.taobao.org/ammo/download/ammo-2.0.4.tgz#bf80aab211698ea78f63ef5e7f113dd5d9e8917f"
  dependencies:
    boom "5.x.x"
    hoek "4.x.x"

b64@3.x.x:
  version "3.0.3"
  resolved "http://registry.npm.taobao.org/b64/download/b64-3.0.3.tgz#36afeee0d9345f046387ce6de8a6702afe5bb56e"

boom@5.x.x:
  version "5.2.0"
  resolved "http://registry.npm.taobao.org/boom/download/boom-5.2.0.tgz#5dd9da6ee3a5f302077436290cb717d3f4a54e02"
  dependencies:
    hoek "4.x.x"

call@4.x.x:
  version "4.0.2"
  resolved "http://registry.npm.taobao.org/call/download/call-4.0.2.tgz#df76f5f51ee8dd48b856ac8400f7e69e6d7399c4"
  dependencies:
    boom "5.x.x"
    hoek "4.x.x"

catbox-memory@2.x.x:
  version "2.0.4"
  resolved "http://registry.npm.taobao.org/catbox-memory/download/catbox-memory-2.0.4.tgz#433e255902caf54233d1286429c8f4df14e822d5"
  dependencies:
    hoek "4.x.x"

catbox@7.x.x:
  version "7.1.5"
  resolved "http://registry.npm.taobao.org/catbox/download/catbox-7.1.5.tgz#c56f7e8e9555d27c0dc038a96ef73e57d186bb1f"
  dependencies:
    boom "5.x.x"
    hoek "4.x.x"
    joi "10.x.x"

content@3.x.x:
  version "3.0.7"
  resolved "http://registry.npm.taobao.org/content/download/content-3.0.7.tgz#0cbb88e82702d35ccf59800b8add609bb5c1dfc2"
  dependencies:
    boom "5.x.x"

cryptiles@3.x.x:
  version "3.1.4"
  resolved "http://registry.npm.taobao.org/cryptiles/download/cryptiles-3.1.4.tgz#769a68c95612b56faadfcebf57ac86479cbe8322"
  dependencies:
    boom "5.x.x"

env2@^2.2.2:
  version "2.2.2"
  resolved "http://registry.npm.taobao.org/env2/download/env2-2.2.2.tgz#1022b7cc69fadfcaba806745f0c3e4d85f3e9305"

hapi@16:
  version "16.7.0"
  resolved "http://registry.npm.taobao.org/hapi/download/hapi-16.7.0.tgz#3bb39517971df81e8198ec04751455e8b6cb0871"
  dependencies:
    accept "2.x.x"
    ammo "2.x.x"
    boom "5.x.x"
    call "4.x.x"
    catbox "7.x.x"
    catbox-memory "2.x.x"
    cryptiles "3.x.x"
    heavy "4.x.x"
    hoek "4.x.x"
    iron "4.x.x"
    items "2.x.x"
    joi "11.x.x"
    mimos "3.x.x"
    podium "1.x.x"
    shot "3.x.x"
    somever "1.x.x"
    statehood "5.x.x"
    subtext "5.x.x"
    topo "2.x.x"

heavy@4.x.x:
  version "4.0.4"
  resolved "http://registry.npm.taobao.org/heavy/download/heavy-4.0.4.tgz#36c91336c00ccfe852caa4d153086335cd2f00e9"
  dependencies:
    boom "5.x.x"
    hoek "4.x.x"
    joi "10.x.x"

hoek@4.x.x:
  version "4.2.1"
  resolved "http://registry.npm.taobao.org/hoek/download/hoek-4.2.1.tgz#9634502aa12c445dd5a7c5734b572bb8738aacbb"

iron@4.x.x:
  version "4.0.5"
  resolved "http://registry.npm.taobao.org/iron/download/iron-4.0.5.tgz#4f042cceb8b9738f346b59aa734c83a89bc31428"
  dependencies:
    boom "5.x.x"
    cryptiles "3.x.x"
    hoek "4.x.x"

isemail@2.x.x:
  version "2.2.1"
  resolved "http://registry.npm.taobao.org/isemail/download/isemail-2.2.1.tgz#0353d3d9a62951080c262c2aa0a42b8ea8e9e2a6"

isemail@3.x.x:
  version "3.2.0"
  resolved "http://registry.npm.taobao.org/isemail/download/isemail-3.2.0.tgz#59310a021931a9fb06bbb51e155ce0b3f236832c"
  dependencies:
    punycode "2.x.x"

items@2.x.x:
  version "2.1.2"
  resolved "http://registry.npm.taobao.org/items/download/items-2.1.2.tgz#0849354595805d586dac98e7e6e85556ea838558"

joi@10.x.x:
  version "10.6.0"
  resolved "http://registry.npm.taobao.org/joi/download/joi-10.6.0.tgz#52587f02d52b8b75cdb0c74f0b164a191a0e1fc2"
  dependencies:
    hoek "4.x.x"
    isemail "2.x.x"
    items "2.x.x"
    topo "2.x.x"

joi@11.x.x:
  version "11.4.0"
  resolved "http://registry.npm.taobao.org/joi/download/joi-11.4.0.tgz#f674897537b625e9ac3d0b7e1604c828ad913ccb"
  dependencies:
    hoek "4.x.x"
    isemail "3.x.x"
    topo "2.x.x"

mime-db@1.x.x:
  version "1.37.0"
  resolved "http://registry.npm.taobao.org/mime-db/download/mime-db-1.37.0.tgz#0b6a0ce6fdbe9576e25f1f2d2fde8830dc0ad0d8"

mimos@3.x.x:
  version "3.0.3"
  resolved "http://registry.npm.taobao.org/mimos/download/mimos-3.0.3.tgz#b9109072ad378c2b72f6a0101c43ddfb2b36641f"
  dependencies:
    hoek "4.x.x"
    mime-db "1.x.x"

nigel@2.x.x:
  version "2.0.2"
  resolved "http://registry.npm.taobao.org/nigel/download/nigel-2.0.2.tgz#93a1866fb0c52d87390aa75e2b161f4b5c75e5b1"
  dependencies:
    hoek "4.x.x"
    vise "2.x.x"

pez@2.x.x:
  version "2.1.5"
  resolved "http://registry.npm.taobao.org/pez/download/pez-2.1.5.tgz#5ec2cc62500cc3eb4236d4a414cf5a17b5eb5007"
  dependencies:
    b64 "3.x.x"
    boom "5.x.x"
    content "3.x.x"
    hoek "4.x.x"
    nigel "2.x.x"

podium@1.x.x:
  version "1.3.0"
  resolved "http://registry.npm.taobao.org/podium/download/podium-1.3.0.tgz#3c490f54d16f10f5260cbe98641f1cb733a8851c"
  dependencies:
    hoek "4.x.x"
    items "2.x.x"
    joi "10.x.x"

punycode@2.x.x:
  version "2.1.1"
  resolved "http://registry.npm.taobao.org/punycode/download/punycode-2.1.1.tgz#b58b010ac40c22c5657616c8d2c2c02c7bf479ec"

shot@3.x.x:
  version "3.4.2"
  resolved "http://registry.npm.taobao.org/shot/download/shot-3.4.2.tgz#1e5c3f6f2b26649adc42f7eb350214a5a0291d67"
  dependencies:
    hoek "4.x.x"
    joi "10.x.x"

somever@1.x.x:
  version "1.0.1"
  resolved "http://registry.npm.taobao.org/somever/download/somever-1.0.1.tgz#28a5c7de0d55f781af52fbce9960db1b84ce206e"
  dependencies:
    hoek "4.x.x"

statehood@5.x.x:
  version "5.0.3"
  resolved "http://registry.npm.taobao.org/statehood/download/statehood-5.0.3.tgz#c07a75620db5379b60d2edd47f538002a8ac7dd6"
  dependencies:
    boom "5.x.x"
    cryptiles "3.x.x"
    hoek "4.x.x"
    iron "4.x.x"
    items "2.x.x"
    joi "10.x.x"

subtext@5.x.x:
  version "5.0.0"
  resolved "http://registry.npm.taobao.org/subtext/download/subtext-5.0.0.tgz#9c3f083018bb1586b167ad8cfd87083f5ccdfe0f"
  dependencies:
    boom "5.x.x"
    content "3.x.x"
    hoek "4.x.x"
    pez "2.x.x"
    wreck "12.x.x"

topo@2.x.x:
  version "2.0.2"
  resolved "http://registry.npm.taobao.org/topo/download/topo-2.0.2.tgz#cd5615752539057c0dc0491a621c3bc6fbe1d182"
  dependencies:
    hoek "4.x.x"

vise@2.x.x:
  version "2.0.2"
  resolved "http://registry.npm.taobao.org/vise/download/vise-2.0.2.tgz#6b08e8fb4cb76e3a50cd6dd0ec37338e811a0d39"
  dependencies:
    hoek "4.x.x"

wreck@12.x.x:
  version "12.5.1"
  resolved "http://registry.npm.taobao.org/wreck/download/wreck-12.5.1.tgz#cd2ffce167449e1f0242ed9cf80552e20fb6902a"
  dependencies:
    boom "5.x.x"
    hoek "4.x.x"
